
Microsoft Visual Studio Solution File, Format Version 12.00
# Visual Studio Version 16
VisualStudioVersion = 16.0.33927.289
MinimumVisualStudioVersion = 10.0.40219.1
Project("{FAE04EC0-301F-11D3-BF4B-00C04F79EFBC}") = "logowanieSystem", "logowanieSystem.csproj", "{E2D12775-2DF9-4505-B733-639BAB7017DA}"
EndProject
Global
	GlobalSection(SolutionConfigurationPlatforms) = preSolution
		Debug|Any CPU = Debug|Any CPU
		Release|Any CPU = Release|Any CPU
	EndGlobalSection
	GlobalSection(ProjectConfigurationPlatforms) = postSolution
		{E2D12775-2DF9-4505-B733-639BAB7017DA}.Debug|Any CPU.ActiveCfg = Debug|Any CPU
		{E2D12775-2DF9-4505-B733-639BAB7017DA}.Debug|Any CPU.Build.0 = Debug|Any CPU
		{E2D12775-2DF9-4505-B733-639BAB7017DA}.Release|Any CPU.ActiveCfg = Release|Any CPU
		{E2D12775-2DF9-4505-B733-639BAB7017DA}.Release|Any CPU.Build.0 = Release|Any CPU
	EndGlobalSection
	GlobalSection(SolutionProperties) = preSolution
		HideSolutionNode = FALSE
	EndGlobalSection
	GlobalSection(ExtensibilityGlobals) = postSolution
		SolutionGuid = {E9C973EB-1637-4A87-AD7D-13269EF900CC}
	EndGlobalSection
EndGlobal
